
Microsoft Visual Studio Solution File, Format Version 12.00
# Visual Studio 2012
Project("{E24C65DC-7377-472B-9ABA-BC803B73C61A}") = "WitsSoftDev13", "http://localhost:23635", "{E01D619F-B581-43CC-9AEF-886DF4A56AA6}"
	ProjectSection(WebsiteProperties) = preProject
		UseIISExpress = "true"
		TargetFrameworkMoniker = ".NETFramework,Version%3Dv4.0"
		Debug.AspNetCompiler.VirtualPath = "/WitsSoftDev13"
		Debug.AspNetCompiler.PhysicalPath = "..\WitsSoftDev13\"
		Debug.AspNetCompiler.TargetPath = "PrecompiledWeb\WitsSoftDev13\"
		Debug.AspNetCompiler.Updateable = "true"
		Debug.AspNetCompiler.ForceOverwrite = "true"
		Debug.AspNetCompiler.FixedNames = "false"
		Debug.AspNetCompiler.Debug = "True"
		Release.AspNetCompiler.VirtualPath = "/WitsSoftDev13"
		Release.AspNetCompiler.PhysicalPath = "..\WitsSoftDev13\"
		Release.AspNetCompiler.TargetPath = "PrecompiledWeb\WitsSoftDev13\"
		Release.AspNetCompiler.Updateable = "true"
		Release.AspNetCompiler.ForceOverwrite = "true"
		Release.AspNetCompiler.FixedNames = "false"
		Release.AspNetCompiler.Debug = "False"
		SlnRelativePath = "..\WitsSoftDev13\"
	EndProjectSection
EndProject
Global
	GlobalSection(SolutionConfigurationPlatforms) = preSolution
		Debug|Any CPU = Debug|Any CPU
	EndGlobalSection
	GlobalSection(ProjectConfigurationPlatforms) = postSolution
		{E01D619F-B581-43CC-9AEF-886DF4A56AA6}.Debug|Any CPU.ActiveCfg = Debug|Any CPU
		{E01D619F-B581-43CC-9AEF-886DF4A56AA6}.Debug|Any CPU.Build.0 = Debug|Any CPU
	EndGlobalSection
	GlobalSection(SolutionProperties) = preSolution
		HideSolutionNode = FALSE
	EndGlobalSection
EndGlobal
